
Microsoft Visual Studio Solution File, Format Version 12.00
# Visual Studio Version 17
VisualStudioVersion = 17.0.31903.59
MinimumVisualStudioVersion = 10.0.40219.1
Project("{FAE04EC0-301F-11D3-BF4B-00C04F79EFBC}") = "rpg", "rpg.csproj", "{5F6B55CD-DAB1-40AD-A9B8-70C7B7DD2442}"
EndProject
Project("{2150E333-8FDC-42A3-9474-1A3956D46DE8}") = "tests", "tests", "{0F82BAB1-AD27-4197-AC43-9F9367E09B86}"
EndProject
Project("{FAE04EC0-301F-11D3-BF4B-00C04F79EFBC}") = "WorldSiteIntelRegression", "tests\WorldSiteIntelRegression\WorldSiteIntelRegression.csproj", "{5D55B701-88E3-463E-9EAD-EADAC46C7844}"
EndProject
Project("{FAE04EC0-301F-11D3-BF4B-00C04F79EFBC}") = "TargetBattleArchitectureRegression", "tests\TargetBattleArchitectureRegression\TargetBattleArchitectureRegression.csproj", "{AA6E979A-35FE-4D5A-BE64-158310A0227E}"
EndProject
Global
	GlobalSection(SolutionConfigurationPlatforms) = preSolution
		Debug|Any CPU = Debug|Any CPU
		Release|Any CPU = Release|Any CPU
	EndGlobalSection
	GlobalSection(SolutionProperties) = preSolution
		HideSolutionNode = FALSE
	EndGlobalSection
	GlobalSection(ProjectConfigurationPlatforms) = postSolution
		{5F6B55CD-DAB1-40AD-A9B8-70C7B7DD2442}.Debug|Any CPU.ActiveCfg = Debug|Any CPU
		{5F6B55CD-DAB1-40AD-A9B8-70C7B7DD2442}.Debug|Any CPU.Build.0 = Debug|Any CPU
		{5F6B55CD-DAB1-40AD-A9B8-70C7B7DD2442}.Release|Any CPU.ActiveCfg = Release|Any CPU
		{5F6B55CD-DAB1-40AD-A9B8-70C7B7DD2442}.Release|Any CPU.Build.0 = Release|Any CPU
		{5D55B701-88E3-463E-9EAD-EADAC46C7844}.Debug|Any CPU.ActiveCfg = Debug|Any CPU
		{5D55B701-88E3-463E-9EAD-EADAC46C7844}.Debug|Any CPU.Build.0 = Debug|Any CPU
		{5D55B701-88E3-463E-9EAD-EADAC46C7844}.Release|Any CPU.ActiveCfg = Release|Any CPU
		{5D55B701-88E3-463E-9EAD-EADAC46C7844}.Release|Any CPU.Build.0 = Release|Any CPU
		{AA6E979A-35FE-4D5A-BE64-158310A0227E}.Debug|Any CPU.ActiveCfg = Debug|Any CPU
		{AA6E979A-35FE-4D5A-BE64-158310A0227E}.Debug|Any CPU.Build.0 = Debug|Any CPU
		{AA6E979A-35FE-4D5A-BE64-158310A0227E}.Release|Any CPU.ActiveCfg = Release|Any CPU
		{AA6E979A-35FE-4D5A-BE64-158310A0227E}.Release|Any CPU.Build.0 = Release|Any CPU
	EndGlobalSection
	GlobalSection(NestedProjects) = preSolution
		{5D55B701-88E3-463E-9EAD-EADAC46C7844} = {0F82BAB1-AD27-4197-AC43-9F9367E09B86}
		{AA6E979A-35FE-4D5A-BE64-158310A0227E} = {0F82BAB1-AD27-4197-AC43-9F9367E09B86}
	EndGlobalSection
EndGlobal
